
Microsoft Visual Studio Solution File, Format Version 12.00
# Visual Studio 15
VisualStudioVersion = 15.0.27703.2042
MinimumVisualStudioVersion = 10.0.40219.1
Project("{FAE04EC0-301F-11D3-BF4B-00C04F79EFBC}") = "CG 6-5", "CG 6-5\CG 6-5.csproj", "{24E78076-9EB2-4C21-9EEC-F0B0A0D2ABFA}"
EndProject
Global
	GlobalSection(SolutionConfigurationPlatforms) = preSolution
		Debug|Any CPU = Debug|Any CPU
		Release|Any CPU = Release|Any CPU
	EndGlobalSection
	GlobalSection(ProjectConfigurationPlatforms) = postSolution
		{24E78076-9EB2-4C21-9EEC-F0B0A0D2ABFA}.Debug|Any CPU.ActiveCfg = Debug|Any CPU
		{24E78076-9EB2-4C21-9EEC-F0B0A0D2ABFA}.Debug|Any CPU.Build.0 = Debug|Any CPU
		{24E78076-9EB2-4C21-9EEC-F0B0A0D2ABFA}.Release|Any CPU.ActiveCfg = Release|Any CPU
		{24E78076-9EB2-4C21-9EEC-F0B0A0D2ABFA}.Release|Any CPU.Build.0 = Release|Any CPU
	EndGlobalSection
	GlobalSection(SolutionProperties) = preSolution
		HideSolutionNode = FALSE
	EndGlobalSection
	GlobalSection(ExtensibilityGlobals) = postSolution
		SolutionGuid = {EFF23520-FFED-4F02-B370-91241E27FDFF}
	EndGlobalSection
EndGlobal
